
Microsoft Visual Studio Solution File, Format Version 12.00
# Visual Studio Version 17
VisualStudioVersion = 17.2.32505.173
MinimumVisualStudioVersion = 10.0.40219.1
Project("{FAE04EC0-301F-11D3-BF4B-00C04F79EFBC}") = "WindowsFormsApp1", "WindowsFormsApp1\WindowsFormsApp1.csproj", "{BAD19315-D00A-4EDC-BEE9-017C95B1423D}"
EndProject
Global
	GlobalSection(SolutionConfigurationPlatforms) = preSolution
		Debug|Any CPU = Debug|Any CPU
		Release|Any CPU = Release|Any CPU
	EndGlobalSection
	GlobalSection(ProjectConfigurationPlatforms) = postSolution
		{BAD19315-D00A-4EDC-BEE9-017C95B1423D}.Debug|Any CPU.ActiveCfg = Debug|Any CPU
		{BAD19315-D00A-4EDC-BEE9-017C95B1423D}.Debug|Any CPU.Build.0 = Debug|Any CPU
		{BAD19315-D00A-4EDC-BEE9-017C95B1423D}.Release|Any CPU.ActiveCfg = Release|Any CPU
		{BAD19315-D00A-4EDC-BEE9-017C95B1423D}.Release|Any CPU.Build.0 = Release|Any CPU
	EndGlobalSection
	GlobalSection(SolutionProperties) = preSolution
		HideSolutionNode = FALSE
	EndGlobalSection
	GlobalSection(ExtensibilityGlobals) = postSolution
		SolutionGuid = {21629C78-8D4A-41D7-B3C0-0F3053306D6E}
	EndGlobalSection
EndGlobal
